{
  "nodes": {
    "alacritty-src": {
      "flake": false,
      "locked": {
        "lastModified": 1612842776,
        "narHash": "sha256-1dGk4ORzMSUQhuKSt5Yo7rOJCJ5/folwPX2tLiu0suA=",
        "owner": "zenixls2",
        "repo": "alacritty",
        "rev": "3ed043046fc74f288d4c8fa7e4463dc201213500",
        "type": "github"
      },
      "original": {
        "owner": "zenixls2",
        "ref": "ligature",
        "repo": "alacritty",
        "type": "github"
      }
    },
    "darwin": {
      "inputs": {
        "nixpkgs": [
          "nixpkgs"
        ]
      },
      "locked": {
        "lastModified": 1634994402,
        "narHash": "sha256-xmlCVVOYGpZoxgOqsDOVF0B0ASrnbNGVAEzID9qh2xo=",
        "owner": "lnl7",
        "repo": "nix-darwin",
        "rev": "44da835ac40dab5fd231298b59d83487382d2fab",
        "type": "github"
      },
      "original": {
        "owner": "lnl7",
        "ref": "master",
        "repo": "nix-darwin",
        "type": "github"
      }
    },
    "eww": {
      "inputs": {
        "fenix": [
          "nixpkgs"
        ],
        "flake-compat": "flake-compat",
        "flake-utils": "flake-utils",
        "naersk": [
          "nixpkgs"
        ],
        "nixpkgs": [
          "nixpkgs"
        ]
      },
      "locked": {
        "lastModified": 1639081916,
        "narHash": "sha256-SI564NfvFK9idNHa6/x4HktojDXslE/syO0QhK8r4rs=",
        "owner": "elkowar",
        "repo": "eww",
        "rev": "5e5692742e046a97e3da3a5e19c50c331403c115",
        "type": "github"
      },
      "original": {
        "owner": "elkowar",
        "repo": "eww",
        "type": "github"
      }
    },
    "fenix": {
      "inputs": {
        "nixpkgs": [
          "nixpkgs"
        ],
        "rust-analyzer-src": "rust-analyzer-src"
      },
      "locked": {
        "lastModified": 1639808710,
        "narHash": "sha256-OKDHt4D14puuqfVHptQ6EvjIR9RaHXyPzMh8Rjo8vzA=",
        "owner": "nix-community",
        "repo": "fenix",
        "rev": "9b391fc1831ece6c245a4eafe7b52f5c806df28c",
        "type": "github"
      },
      "original": {
        "owner": "nix-community",
        "repo": "fenix",
        "type": "github"
      }
    },
    "flake-compat": {
      "flake": false,
      "locked": {
        "lastModified": 1627913399,
        "narHash": "sha256-hY8g6H2KFL8ownSiFeMOjwPC8P0ueXpCVEbxgda3pko=",
        "owner": "edolstra",
        "repo": "flake-compat",
        "rev": "12c64ca55c1014cdc1b16ed5a804aa8576601ff2",
        "type": "github"
      },
      "original": {
        "owner": "edolstra",
        "repo": "flake-compat",
        "type": "github"
      }
    },
    "flake-utils": {
      "locked": {
        "lastModified": 1629481132,
        "narHash": "sha256-JHgasjPR0/J1J3DRm4KxM4zTyAj4IOJY8vIl75v/kPI=",
        "owner": "numtide",
        "repo": "flake-utils",
        "rev": "997f7efcb746a9c140ce1f13c72263189225f482",
        "type": "github"
      },
      "original": {
        "owner": "numtide",
        "repo": "flake-utils",
        "type": "github"
      }
    },
    "flake-utils_2": {
      "locked": {
        "lastModified": 1638122382,
        "narHash": "sha256-sQzZzAbvKEqN9s0bzWuYmRaA03v40gaJ4+iL1LXjaeI=",
        "owner": "numtide",
        "repo": "flake-utils",
        "rev": "74f7e4319258e287b0f9cb95426c9853b282730b",
        "type": "github"
      },
      "original": {
        "owner": "numtide",
        "repo": "flake-utils",
        "type": "github"
      }
    },
    "flake-utils_3": {
      "locked": {
        "lastModified": 1637014545,
        "narHash": "sha256-26IZAc5yzlD9FlDT54io1oqG/bBoyka+FJk5guaX4x4=",
        "owner": "numtide",
        "repo": "flake-utils",
        "rev": "bba5dcc8e0b20ab664967ad83d24d64cb64ec4f4",
        "type": "github"
      },
      "original": {
        "owner": "numtide",
        "repo": "flake-utils",
        "type": "github"
      }
    },
    "meson059": {
      "locked": {
        "lastModified": 1630326031,
        "narHash": "sha256-Rj3/3RinSJvMV589I/mK/2QrhqbmEBNhm3FdBwpN89s=",
        "owner": "boppyt",
        "repo": "nixpkgs",
        "rev": "3c9014a761ba5a8af56e04035cb1a20c706d814a",
        "type": "github"
      },
      "original": {
        "owner": "boppyt",
        "ref": "meson",
        "repo": "nixpkgs",
        "type": "github"
      }
    },
    "naersk": {
      "inputs": {
        "nixpkgs": [
          "nixpkgs"
        ]
      },
      "locked": {
        "lastModified": 1639731602,
        "narHash": "sha256-5u/J/7KrY/fYL/OeBLxP4E9NdNdQrriHpOyPBleKp5I=",
        "owner": "nmattia",
        "repo": "naersk",
        "rev": "5415c7045366bb53db1a33cf7d975942b5553a28",
        "type": "github"
      },
      "original": {
        "owner": "nmattia",
        "repo": "naersk",
        "type": "github"
      }
    },
    "neovide-src": {
      "flake": false,
      "locked": {
        "lastModified": 1639418016,
        "narHash": "sha256-ThWlguxn2eqaWDJOC7GatlzGinInwTnMTt02/lViCgI=",
        "owner": "neovide",
        "repo": "neovide",
        "rev": "7b6a8f31d2de1fca52a5cb039b97f5c7f92e5cbd",
        "type": "github"
      },
      "original": {
        "owner": "neovide",
        "repo": "neovide",
        "type": "github"
      }
    },
    "nixpkgs": {
      "locked": {
        "lastModified": 1639840279,
        "narHash": "sha256-FseJExuj4cR5eTz6EPC37KjuYwvKjZ+qMz4jGOjjjHs=",
        "owner": "nixos",
        "repo": "nixpkgs",
        "rev": "fc3bf753273424218eb882c23b101c7e2e2a72e7",
        "type": "github"
      },
      "original": {
        "owner": "nixos",
        "ref": "master",
        "repo": "nixpkgs",
        "type": "github"
      }
    },
    "root": {
      "inputs": {
        "alacritty-src": "alacritty-src",
        "darwin": "darwin",
        "eww": "eww",
        "fenix": "fenix",
        "flake-utils": "flake-utils_2",
        "meson059": "meson059",
        "naersk": "naersk",
        "neovide-src": "neovide-src",
        "nixpkgs": "nixpkgs",
        "rust-nightly": "rust-nightly",
        "sway-src": "sway-src",
        "wlroots-src": "wlroots-src"
      }
    },
    "rust-analyzer-src": {
      "flake": false,
      "locked": {
        "lastModified": 1639175515,
        "narHash": "sha256-Yj38u9BpKfyGrcSEaoSEnOns885xn/Ask6lR5rsxS8k=",
        "owner": "rust-analyzer",
        "repo": "rust-analyzer",
        "rev": "d03397fe1173eaeb2e04c9e55ac223289e7e08ee",
        "type": "github"
      },
      "original": {
        "owner": "rust-analyzer",
        "ref": "nightly",
        "repo": "rust-analyzer",
        "type": "github"
      }
    },
    "rust-nightly": {
      "inputs": {
        "flake-utils": "flake-utils_3",
        "nixpkgs": [
          "nixpkgs"
        ]
      },
      "locked": {
        "lastModified": 1639793998,
        "narHash": "sha256-Ww65g8/DqGkBZEiPMLRoI0oDJ7EvYbqzCMoPkIDSz+E=",
        "owner": "oxalica",
        "repo": "rust-overlay",
        "rev": "739c6206ed1a63440c8e23e1df7d8a3714ae4939",
        "type": "github"
      },
      "original": {
        "owner": "oxalica",
        "repo": "rust-overlay",
        "type": "github"
      }
    },
    "sway-src": {
      "flake": false,
      "locked": {
        "lastModified": 1638054770,
        "narHash": "sha256-iMf3NMsIYGdd6UBfa5p+IEeMZN69QkgR5YLT/p3BJTE=",
        "owner": "fluix-dev",
        "repo": "sway-borders",
        "rev": "ce47844e063a81d75a745c966c0fb7fd5183b1ea",
        "type": "github"
      },
      "original": {
        "owner": "fluix-dev",
        "repo": "sway-borders",
        "type": "github"
      }
    },
    "wlroots-src": {
      "flake": false,
      "locked": {
        "lastModified": 1635782940,
        "narHash": "sha256-wKSJHYFIy6wEI90kmBx/YcgDk2OKmeAyWGSfFtfOqjk=",
        "owner": "swaywm",
        "repo": "wlroots",
        "rev": "0855cdacb2eeeff35849e2e9c4db0aa996d78d10",
        "type": "github"
      },
      "original": {
        "owner": "swaywm",
        "repo": "wlroots",
        "type": "github"
      }
    }
  },
  "root": "root",
  "version": 7
}
